
Microsoft Visual Studio Solution File, Format Version 12.00
# Visual Studio 15
VisualStudioVersion = 15.0.27130.2036
MinimumVisualStudioVersion = 10.0.40219.1
Project("{9A19103F-16F7-4668-BE54-9A1E7A4F7556}") = "Ray2", "src\Ray2\Ray2.csproj", "{1598C763-3A2E-4872-B50D-805054501175}"
EndProject
Project("{2150E333-8FDC-42A3-9474-1A3956D46DE8}") = "src", "src", "{35A301C0-776D-4CA7-8218-D6DFF3205CBD}"
EndProject
Project("{2150E333-8FDC-42A3-9474-1A3956D46DE8}") = "test", "test", "{D7F7255C-3204-4243-96EF-01CDF299A891}"
EndProject
Project("{9A19103F-16F7-4668-BE54-9A1E7A4F7556}") = "Ray2.RabbitMQ", "src\Ray2.RabbitMQ\Ray2.RabbitMQ.csproj", "{418E6B0A-4AB8-4909-8E36-7D396388859C}"
EndProject
Project("{9A19103F-16F7-4668-BE54-9A1E7A4F7556}") = "Ray2.SimpleMQ", "src\Ray2.SimpleMQ\Ray2.SimpleMQ.csproj", "{FA745717-EA02-40D3-8463-C000A9C5B180}"
EndProject
Project("{9A19103F-16F7-4668-BE54-9A1E7A4F7556}") = "Ray2.Test", "test\Ray2.Test\Ray2.Test.csproj", "{05312ECF-4FC1-43C0-BEFE-7CCA22E4E923}"
EndProject
Project("{9A19103F-16F7-4668-BE54-9A1E7A4F7556}") = "Ray2.PostgreSQL.Test", "test\Ray2.PostgreSQL.Test\Ray2.PostgreSQL.Test.csproj", "{7E717274-FBA7-49BF-88B4-560F6B111ED3}"
EndProject
Project("{9A19103F-16F7-4668-BE54-9A1E7A4F7556}") = "Ray2.PostgreSQL", "src\Ray2.PostgreSQL\Ray2.PostgreSQL.csproj", "{52AA52E7-4D01-4AB5-B6B7-9C57B7D0A645}"
EndProject
Global
	GlobalSection(SolutionConfigurationPlatforms) = preSolution
		Debug|Any CPU = Debug|Any CPU
		Debug|x64 = Debug|x64
		Release|Any CPU = Release|Any CPU
		Release|x64 = Release|x64
	EndGlobalSection
	GlobalSection(ProjectConfigurationPlatforms) = postSolution
		{1598C763-3A2E-4872-B50D-805054501175}.Debug|Any CPU.ActiveCfg = Debug|Any CPU
		{1598C763-3A2E-4872-B50D-805054501175}.Debug|Any CPU.Build.0 = Debug|Any CPU
		{1598C763-3A2E-4872-B50D-805054501175}.Debug|x64.ActiveCfg = Debug|Any CPU
		{1598C763-3A2E-4872-B50D-805054501175}.Debug|x64.Build.0 = Debug|Any CPU
		{1598C763-3A2E-4872-B50D-805054501175}.Release|Any CPU.ActiveCfg = Release|Any CPU
		{1598C763-3A2E-4872-B50D-805054501175}.Release|Any CPU.Build.0 = Release|Any CPU
		{1598C763-3A2E-4872-B50D-805054501175}.Release|x64.ActiveCfg = Release|Any CPU
		{1598C763-3A2E-4872-B50D-805054501175}.Release|x64.Build.0 = Release|Any CPU
		{418E6B0A-4AB8-4909-8E36-7D396388859C}.Debug|Any CPU.ActiveCfg = Debug|Any CPU
		{418E6B0A-4AB8-4909-8E36-7D396388859C}.Debug|Any CPU.Build.0 = Debug|Any CPU
		{418E6B0A-4AB8-4909-8E36-7D396388859C}.Debug|x64.ActiveCfg = Debug|Any CPU
		{418E6B0A-4AB8-4909-8E36-7D396388859C}.Debug|x64.Build.0 = Debug|Any CPU
		{418E6B0A-4AB8-4909-8E36-7D396388859C}.Release|Any CPU.ActiveCfg = Release|Any CPU
		{418E6B0A-4AB8-4909-8E36-7D396388859C}.Release|Any CPU.Build.0 = Release|Any CPU
		{418E6B0A-4AB8-4909-8E36-7D396388859C}.Release|x64.ActiveCfg = Release|Any CPU
		{418E6B0A-4AB8-4909-8E36-7D396388859C}.Release|x64.Build.0 = Release|Any CPU
		{FA745717-EA02-40D3-8463-C000A9C5B180}.Debug|Any CPU.ActiveCfg = Debug|Any CPU
		{FA745717-EA02-40D3-8463-C000A9C5B180}.Debug|Any CPU.Build.0 = Debug|Any CPU
		{FA745717-EA02-40D3-8463-C000A9C5B180}.Debug|x64.ActiveCfg = Debug|Any CPU
		{FA745717-EA02-40D3-8463-C000A9C5B180}.Debug|x64.Build.0 = Debug|Any CPU
		{FA745717-EA02-40D3-8463-C000A9C5B180}.Release|Any CPU.ActiveCfg = Release|Any CPU
		{FA745717-EA02-40D3-8463-C000A9C5B180}.Release|Any CPU.Build.0 = Release|Any CPU
		{FA745717-EA02-40D3-8463-C000A9C5B180}.Release|x64.ActiveCfg = Release|Any CPU
		{FA745717-EA02-40D3-8463-C000A9C5B180}.Release|x64.Build.0 = Release|Any CPU
		{05312ECF-4FC1-43C0-BEFE-7CCA22E4E923}.Debug|Any CPU.ActiveCfg = Debug|Any CPU
		{05312ECF-4FC1-43C0-BEFE-7CCA22E4E923}.Debug|Any CPU.Build.0 = Debug|Any CPU
		{05312ECF-4FC1-43C0-BEFE-7CCA22E4E923}.Debug|x64.ActiveCfg = Debug|Any CPU
		{05312ECF-4FC1-43C0-BEFE-7CCA22E4E923}.Debug|x64.Build.0 = Debug|Any CPU
		{05312ECF-4FC1-43C0-BEFE-7CCA22E4E923}.Release|Any CPU.ActiveCfg = Release|Any CPU
		{05312ECF-4FC1-43C0-BEFE-7CCA22E4E923}.Release|Any CPU.Build.0 = Release|Any CPU
		{05312ECF-4FC1-43C0-BEFE-7CCA22E4E923}.Release|x64.ActiveCfg = Release|Any CPU
		{05312ECF-4FC1-43C0-BEFE-7CCA22E4E923}.Release|x64.Build.0 = Release|Any CPU
		{7E717274-FBA7-49BF-88B4-560F6B111ED3}.Debug|Any CPU.ActiveCfg = Debug|Any CPU
		{7E717274-FBA7-49BF-88B4-560F6B111ED3}.Debug|Any CPU.Build.0 = Debug|Any CPU
		{7E717274-FBA7-49BF-88B4-560F6B111ED3}.Debug|x64.ActiveCfg = Debug|Any CPU
		{7E717274-FBA7-49BF-88B4-560F6B111ED3}.Debug|x64.Build.0 = Debug|Any CPU
		{7E717274-FBA7-49BF-88B4-560F6B111ED3}.Release|Any CPU.ActiveCfg = Release|Any CPU
		{7E717274-FBA7-49BF-88B4-560F6B111ED3}.Release|Any CPU.Build.0 = Release|Any CPU
		{7E717274-FBA7-49BF-88B4-560F6B111ED3}.Release|x64.ActiveCfg = Release|Any CPU
		{7E717274-FBA7-49BF-88B4-560F6B111ED3}.Release|x64.Build.0 = Release|Any CPU
		{52AA52E7-4D01-4AB5-B6B7-9C57B7D0A645}.Debug|Any CPU.ActiveCfg = Debug|Any CPU
		{52AA52E7-4D01-4AB5-B6B7-9C57B7D0A645}.Debug|Any CPU.Build.0 = Debug|Any CPU
		{52AA52E7-4D01-4AB5-B6B7-9C57B7D0A645}.Debug|x64.ActiveCfg = Debug|Any CPU
		{52AA52E7-4D01-4AB5-B6B7-9C57B7D0A645}.Debug|x64.Build.0 = Debug|Any CPU
		{52AA52E7-4D01-4AB5-B6B7-9C57B7D0A645}.Release|Any CPU.ActiveCfg = Release|Any CPU
		{52AA52E7-4D01-4AB5-B6B7-9C57B7D0A645}.Release|Any CPU.Build.0 = Release|Any CPU
		{52AA52E7-4D01-4AB5-B6B7-9C57B7D0A645}.Release|x64.ActiveCfg = Release|Any CPU
		{52AA52E7-4D01-4AB5-B6B7-9C57B7D0A645}.Release|x64.Build.0 = Release|Any CPU
	EndGlobalSection
	GlobalSection(SolutionProperties) = preSolution
		HideSolutionNode = FALSE
	EndGlobalSection
	GlobalSection(NestedProjects) = preSolution
		{1598C763-3A2E-4872-B50D-805054501175} = {35A301C0-776D-4CA7-8218-D6DFF3205CBD}
		{418E6B0A-4AB8-4909-8E36-7D396388859C} = {35A301C0-776D-4CA7-8218-D6DFF3205CBD}
		{FA745717-EA02-40D3-8463-C000A9C5B180} = {35A301C0-776D-4CA7-8218-D6DFF3205CBD}
		{05312ECF-4FC1-43C0-BEFE-7CCA22E4E923} = {D7F7255C-3204-4243-96EF-01CDF299A891}
		{7E717274-FBA7-49BF-88B4-560F6B111ED3} = {D7F7255C-3204-4243-96EF-01CDF299A891}
		{52AA52E7-4D01-4AB5-B6B7-9C57B7D0A645} = {35A301C0-776D-4CA7-8218-D6DFF3205CBD}
	EndGlobalSection
	GlobalSection(ExtensibilityGlobals) = postSolution
		SolutionGuid = {B7F09963-06DE-499A-B620-B6EFB2FB2BE5}
	EndGlobalSection
EndGlobal
